
Microsoft Visual Studio Solution File, Format Version 12.00
# Visual Studio Version 17
VisualStudioVersion = 17.3.32922.545
MinimumVisualStudioVersion = 10.0.40219.1
Project("{9A19103F-16F7-4668-BE54-9A1E7A4F7556}") = "EmployeeMicroservice", "EmployeeMicroservice.csproj", "{39AF14E7-F236-4093-BB26-00E7B39FF48A}"
EndProject
Project("{9A19103F-16F7-4668-BE54-9A1E7A4F7556}") = "EmployeeNUnitTest", "..\..\..\NUnitTest\EmployeeNUnitTest\EmployeeNUnitTest.csproj", "{5ACD2EA3-B2C9-4A6F-9BD9-C5C064EA4694}"
EndProject
Global
	GlobalSection(SolutionConfigurationPlatforms) = preSolution
		Debug|Any CPU = Debug|Any CPU
		Release|Any CPU = Release|Any CPU
	EndGlobalSection
	GlobalSection(ProjectConfigurationPlatforms) = postSolution
		{39AF14E7-F236-4093-BB26-00E7B39FF48A}.Debug|Any CPU.ActiveCfg = Debug|Any CPU
		{39AF14E7-F236-4093-BB26-00E7B39FF48A}.Debug|Any CPU.Build.0 = Debug|Any CPU
		{39AF14E7-F236-4093-BB26-00E7B39FF48A}.Release|Any CPU.ActiveCfg = Release|Any CPU
		{39AF14E7-F236-4093-BB26-00E7B39FF48A}.Release|Any CPU.Build.0 = Release|Any CPU
		{5ACD2EA3-B2C9-4A6F-9BD9-C5C064EA4694}.Debug|Any CPU.ActiveCfg = Debug|Any CPU
		{5ACD2EA3-B2C9-4A6F-9BD9-C5C064EA4694}.Debug|Any CPU.Build.0 = Debug|Any CPU
		{5ACD2EA3-B2C9-4A6F-9BD9-C5C064EA4694}.Release|Any CPU.ActiveCfg = Release|Any CPU
		{5ACD2EA3-B2C9-4A6F-9BD9-C5C064EA4694}.Release|Any CPU.Build.0 = Release|Any CPU
	EndGlobalSection
	GlobalSection(SolutionProperties) = preSolution
		HideSolutionNode = FALSE
	EndGlobalSection
	GlobalSection(ExtensibilityGlobals) = postSolution
		SolutionGuid = {B862493E-4181-4BB6-9D0A-B61D49BDD8D4}
	EndGlobalSection
EndGlobal
